
Microsoft Visual Studio Solution File, Format Version 12.00
Project("{FAE04EC0-301F-11D3-BF4B-00C04F79EFBC}") = "MetodosAnonimosAulaPratica1", "MetodosAnonimosAulaPratica1\MetodosAnonimosAulaPratica1.csproj", "{F607B70C-3F61-40F9-8408-677E8DDFC468}"
EndProject
Global
	GlobalSection(SolutionConfigurationPlatforms) = preSolution
		Debug|Any CPU = Debug|Any CPU
		Release|Any CPU = Release|Any CPU
	EndGlobalSection
	GlobalSection(ProjectConfigurationPlatforms) = postSolution
		{F607B70C-3F61-40F9-8408-677E8DDFC468}.Debug|Any CPU.ActiveCfg = Debug|Any CPU
		{F607B70C-3F61-40F9-8408-677E8DDFC468}.Debug|Any CPU.Build.0 = Debug|Any CPU
		{F607B70C-3F61-40F9-8408-677E8DDFC468}.Release|Any CPU.ActiveCfg = Release|Any CPU
		{F607B70C-3F61-40F9-8408-677E8DDFC468}.Release|Any CPU.Build.0 = Release|Any CPU
	EndGlobalSection
EndGlobal
