
Microsoft Visual Studio Solution File, Format Version 12.00
Project("{FAE04EC0-301F-11D3-BF4B-00C04F79EFBC}") = "exemploAssemblyPublicoSoftblue", "exemploAssemblyPublicoSoftblue\exemploAssemblyPublicoSoftblue.csproj", "{62F72A19-10F2-4C4F-97FF-0FEC22036D2E}"
EndProject
Global
	GlobalSection(SolutionConfigurationPlatforms) = preSolution
		Debug|Any CPU = Debug|Any CPU
		Release|Any CPU = Release|Any CPU
	EndGlobalSection
	GlobalSection(ProjectConfigurationPlatforms) = postSolution
		{62F72A19-10F2-4C4F-97FF-0FEC22036D2E}.Debug|Any CPU.ActiveCfg = Debug|Any CPU
		{62F72A19-10F2-4C4F-97FF-0FEC22036D2E}.Debug|Any CPU.Build.0 = Debug|Any CPU
		{62F72A19-10F2-4C4F-97FF-0FEC22036D2E}.Release|Any CPU.ActiveCfg = Release|Any CPU
		{62F72A19-10F2-4C4F-97FF-0FEC22036D2E}.Release|Any CPU.Build.0 = Release|Any CPU
	EndGlobalSection
EndGlobal
