
Microsoft Visual Studio Solution File, Format Version 12.00
Project("{FAE04EC0-301F-11D3-BF4B-00C04F79EFBC}") = "ExercicioProposto2.2SoftBlue", "ExercicioProposto2.2SoftBlue\ExercicioProposto2.2SoftBlue.csproj", "{372F341D-A4EF-44D5-952A-AD00F2B74561}"
EndProject
Global
	GlobalSection(SolutionConfigurationPlatforms) = preSolution
		Debug|Any CPU = Debug|Any CPU
		Release|Any CPU = Release|Any CPU
	EndGlobalSection
	GlobalSection(ProjectConfigurationPlatforms) = postSolution
		{372F341D-A4EF-44D5-952A-AD00F2B74561}.Debug|Any CPU.ActiveCfg = Debug|Any CPU
		{372F341D-A4EF-44D5-952A-AD00F2B74561}.Debug|Any CPU.Build.0 = Debug|Any CPU
		{372F341D-A4EF-44D5-952A-AD00F2B74561}.Release|Any CPU.ActiveCfg = Release|Any CPU
		{372F341D-A4EF-44D5-952A-AD00F2B74561}.Release|Any CPU.Build.0 = Release|Any CPU
	EndGlobalSection
EndGlobal
