
Microsoft Visual Studio Solution File, Format Version 12.00
Project("{FAE04EC0-301F-11D3-BF4B-00C04F79EFBC}") = "DefinindoAtributes", "DefinindoAtributes\DefinindoAtributes.csproj", "{3715C07C-28B7-4499-B555-10597EB602A9}"
EndProject
Global
	GlobalSection(SolutionConfigurationPlatforms) = preSolution
		Debug|Any CPU = Debug|Any CPU
		Release|Any CPU = Release|Any CPU
	EndGlobalSection
	GlobalSection(ProjectConfigurationPlatforms) = postSolution
		{3715C07C-28B7-4499-B555-10597EB602A9}.Debug|Any CPU.ActiveCfg = Debug|Any CPU
		{3715C07C-28B7-4499-B555-10597EB602A9}.Debug|Any CPU.Build.0 = Debug|Any CPU
		{3715C07C-28B7-4499-B555-10597EB602A9}.Release|Any CPU.ActiveCfg = Release|Any CPU
		{3715C07C-28B7-4499-B555-10597EB602A9}.Release|Any CPU.Build.0 = Release|Any CPU
	EndGlobalSection
EndGlobal
