
Microsoft Visual Studio Solution File, Format Version 12.00
Project("{FAE04EC0-301F-11D3-BF4B-00C04F79EFBC}") = "EstruturaGenericaDeAcessoADados", "EstruturaGenericaDeAcessoADados\EstruturaGenericaDeAcessoADados.csproj", "{F535A2F4-B748-4F89-B1B2-5D110B918BF2}"
EndProject
Project("{FAE04EC0-301F-11D3-BF4B-00C04F79EFBC}") = "Db", "Db\Db.csproj", "{C8F533EF-BDC6-4E5D-A677-FE1A60270BCB}"
EndProject
Global
	GlobalSection(SolutionConfigurationPlatforms) = preSolution
		Debug|Any CPU = Debug|Any CPU
		Release|Any CPU = Release|Any CPU
	EndGlobalSection
	GlobalSection(ProjectConfigurationPlatforms) = postSolution
		{F535A2F4-B748-4F89-B1B2-5D110B918BF2}.Debug|Any CPU.ActiveCfg = Debug|Any CPU
		{F535A2F4-B748-4F89-B1B2-5D110B918BF2}.Debug|Any CPU.Build.0 = Debug|Any CPU
		{F535A2F4-B748-4F89-B1B2-5D110B918BF2}.Release|Any CPU.ActiveCfg = Release|Any CPU
		{F535A2F4-B748-4F89-B1B2-5D110B918BF2}.Release|Any CPU.Build.0 = Release|Any CPU
		{C8F533EF-BDC6-4E5D-A677-FE1A60270BCB}.Debug|Any CPU.ActiveCfg = Debug|Any CPU
		{C8F533EF-BDC6-4E5D-A677-FE1A60270BCB}.Debug|Any CPU.Build.0 = Debug|Any CPU
		{C8F533EF-BDC6-4E5D-A677-FE1A60270BCB}.Release|Any CPU.ActiveCfg = Release|Any CPU
		{C8F533EF-BDC6-4E5D-A677-FE1A60270BCB}.Release|Any CPU.Build.0 = Release|Any CPU
	EndGlobalSection
EndGlobal
