
Microsoft Visual Studio Solution File, Format Version 12.00
Project("{FAE04EC0-301F-11D3-BF4B-00C04F79EFBC}") = "OperadoresCasting", "OperadoresCasting\OperadoresCasting.csproj", "{554BFD1F-1310-4891-ABCC-77D29C02347B}"
EndProject
Global
	GlobalSection(SolutionConfigurationPlatforms) = preSolution
		Debug|Any CPU = Debug|Any CPU
		Release|Any CPU = Release|Any CPU
	EndGlobalSection
	GlobalSection(ProjectConfigurationPlatforms) = postSolution
		{554BFD1F-1310-4891-ABCC-77D29C02347B}.Debug|Any CPU.ActiveCfg = Debug|Any CPU
		{554BFD1F-1310-4891-ABCC-77D29C02347B}.Debug|Any CPU.Build.0 = Debug|Any CPU
		{554BFD1F-1310-4891-ABCC-77D29C02347B}.Release|Any CPU.ActiveCfg = Release|Any CPU
		{554BFD1F-1310-4891-ABCC-77D29C02347B}.Release|Any CPU.Build.0 = Release|Any CPU
	EndGlobalSection
EndGlobal
