
Microsoft Visual Studio Solution File, Format Version 12.00
Project("{FAE04EC0-301F-11D3-BF4B-00C04F79EFBC}") = "Tabuleiro", "Tabuleiro\Tabuleiro.csproj", "{4FF1E372-F48A-49C3-BACC-5E83A325154E}"
EndProject
Global
	GlobalSection(SolutionConfigurationPlatforms) = preSolution
		Debug|Any CPU = Debug|Any CPU
		Release|Any CPU = Release|Any CPU
	EndGlobalSection
	GlobalSection(ProjectConfigurationPlatforms) = postSolution
		{4FF1E372-F48A-49C3-BACC-5E83A325154E}.Debug|Any CPU.ActiveCfg = Debug|Any CPU
		{4FF1E372-F48A-49C3-BACC-5E83A325154E}.Debug|Any CPU.Build.0 = Debug|Any CPU
		{4FF1E372-F48A-49C3-BACC-5E83A325154E}.Release|Any CPU.ActiveCfg = Release|Any CPU
		{4FF1E372-F48A-49C3-BACC-5E83A325154E}.Release|Any CPU.Build.0 = Release|Any CPU
	EndGlobalSection
EndGlobal
