
Microsoft Visual Studio Solution File, Format Version 12.00
Project("{FAE04EC0-301F-11D3-BF4B-00C04F79EFBC}") = "ExercicioProposto2SoftBlue", "ExercicioProposto2SoftBlue\ExercicioProposto2SoftBlue.csproj", "{071F14F9-5E36-4377-A103-409D3A96A997}"
EndProject
Global
	GlobalSection(SolutionConfigurationPlatforms) = preSolution
		Debug|Any CPU = Debug|Any CPU
		Release|Any CPU = Release|Any CPU
	EndGlobalSection
	GlobalSection(ProjectConfigurationPlatforms) = postSolution
		{071F14F9-5E36-4377-A103-409D3A96A997}.Debug|Any CPU.ActiveCfg = Debug|Any CPU
		{071F14F9-5E36-4377-A103-409D3A96A997}.Debug|Any CPU.Build.0 = Debug|Any CPU
		{071F14F9-5E36-4377-A103-409D3A96A997}.Release|Any CPU.ActiveCfg = Release|Any CPU
		{071F14F9-5E36-4377-A103-409D3A96A997}.Release|Any CPU.Build.0 = Release|Any CPU
	EndGlobalSection
EndGlobal
